
Microsoft Visual Studio Solution File, Format Version 12.00
# Visual Studio Version 17
VisualStudioVersion = 17.13.35919.96
MinimumVisualStudioVersion = 10.0.40219.1
Project("{2150E333-8FDC-42A3-9474-1A3956D46DE8}") = "src", "src", "{02EA681E-C7D8-13C7-8484-4AC65E1B71E8}"
EndProject
Project("{FAE04EC0-301F-11D3-BF4B-00C04F79EFBC}") = "Guardia.Aplicacion", "src\Guardia.Aplicacion\Guardia.Aplicacion.csproj", "{9D05D46E-0277-43AC-B582-B4DBD8027CF1}"
EndProject
Project("{FAE04EC0-301F-11D3-BF4B-00C04F79EFBC}") = "Guardia.Dominio", "src\Guardia.Dominio\Guardia.Dominio.csproj", "{FDBA8471-C756-4199-875F-4982A41B15CA}"
EndProject
Project("{FAE04EC0-301F-11D3-BF4B-00C04F79EFBC}") = "Guardia.Infraestructura", "src\Guardia.Infraestructura\Guardia.Infraestructura.csproj", "{03136672-6DB6-4BEB-9ED2-E5C57B4F966B}"
EndProject
Project("{FAE04EC0-301F-11D3-BF4B-00C04F79EFBC}") = "Guardia.Api", "src\Guardia.Api\Guardia.Api.csproj", "{06DF6E3C-124F-4328-9AE6-FBA42EA7469D}"
EndProject
Global
	GlobalSection(SolutionConfigurationPlatforms) = preSolution
		Debug|Any CPU = Debug|Any CPU
		Release|Any CPU = Release|Any CPU
	EndGlobalSection
	GlobalSection(ProjectConfigurationPlatforms) = postSolution
		{9D05D46E-0277-43AC-B582-B4DBD8027CF1}.Debug|Any CPU.ActiveCfg = Debug|Any CPU
		{9D05D46E-0277-43AC-B582-B4DBD8027CF1}.Debug|Any CPU.Build.0 = Debug|Any CPU
		{9D05D46E-0277-43AC-B582-B4DBD8027CF1}.Release|Any CPU.ActiveCfg = Release|Any CPU
		{9D05D46E-0277-43AC-B582-B4DBD8027CF1}.Release|Any CPU.Build.0 = Release|Any CPU
		{FDBA8471-C756-4199-875F-4982A41B15CA}.Debug|Any CPU.ActiveCfg = Debug|Any CPU
		{FDBA8471-C756-4199-875F-4982A41B15CA}.Debug|Any CPU.Build.0 = Debug|Any CPU
		{FDBA8471-C756-4199-875F-4982A41B15CA}.Release|Any CPU.ActiveCfg = Release|Any CPU
		{FDBA8471-C756-4199-875F-4982A41B15CA}.Release|Any CPU.Build.0 = Release|Any CPU
		{03136672-6DB6-4BEB-9ED2-E5C57B4F966B}.Debug|Any CPU.ActiveCfg = Debug|Any CPU
		{03136672-6DB6-4BEB-9ED2-E5C57B4F966B}.Debug|Any CPU.Build.0 = Debug|Any CPU
		{03136672-6DB6-4BEB-9ED2-E5C57B4F966B}.Release|Any CPU.ActiveCfg = Release|Any CPU
		{03136672-6DB6-4BEB-9ED2-E5C57B4F966B}.Release|Any CPU.Build.0 = Release|Any CPU
		{06DF6E3C-124F-4328-9AE6-FBA42EA7469D}.Debug|Any CPU.ActiveCfg = Debug|Any CPU
		{06DF6E3C-124F-4328-9AE6-FBA42EA7469D}.Debug|Any CPU.Build.0 = Debug|Any CPU
		{06DF6E3C-124F-4328-9AE6-FBA42EA7469D}.Release|Any CPU.ActiveCfg = Release|Any CPU
		{06DF6E3C-124F-4328-9AE6-FBA42EA7469D}.Release|Any CPU.Build.0 = Release|Any CPU
	EndGlobalSection
	GlobalSection(SolutionProperties) = preSolution
		HideSolutionNode = FALSE
	EndGlobalSection
	GlobalSection(NestedProjects) = preSolution
		{9D05D46E-0277-43AC-B582-B4DBD8027CF1} = {02EA681E-C7D8-13C7-8484-4AC65E1B71E8}
		{FDBA8471-C756-4199-875F-4982A41B15CA} = {02EA681E-C7D8-13C7-8484-4AC65E1B71E8}
		{03136672-6DB6-4BEB-9ED2-E5C57B4F966B} = {02EA681E-C7D8-13C7-8484-4AC65E1B71E8}
		{06DF6E3C-124F-4328-9AE6-FBA42EA7469D} = {02EA681E-C7D8-13C7-8484-4AC65E1B71E8}
	EndGlobalSection
	GlobalSection(ExtensibilityGlobals) = postSolution
		SolutionGuid = {7F926D28-18B5-4FDE-B766-AC015E741996}
	EndGlobalSection
EndGlobal
